// !$*UTF8*$!
{
	archiveVersion = 1;
	classes = {
	};
	objectVersion = 55;
	objects = {

/* Begin PBXBuildFile section */
		3900FFB827836B5B008EF3CB /* NewPageView.swift in Sources */ = {isa = PBXBuildFile; fileRef = 3900FFB727836B5B008EF3CB /* NewPageView.swift */; };
		3900FFBA27836B74008EF3CB /* PageView.swift in Sources */ = {isa = PBXBuildFile; fileRef = 3900FFB927836B74008EF3CB /* PageView.swift */; };
		3900FFBC27836B83008EF3CB /* PageManagerView.swift in Sources */ = {isa = PBXBuildFile; fileRef = 3900FFBB27836B83008EF3CB /* PageManagerView.swift */; };
		3900FFBE27836BA3008EF3CB /* WebContentView.swift in Sources */ = {isa = PBXBuildFile; fileRef = 3900FFBD27836BA3008EF3CB /* WebContentView.swift */; };
		3900FFC127836E4D008EF3CB /* SettingsViewModel.swift in Sources */ = {isa = PBXBuildFile; fileRef = 3900FFC027836E4D008EF3CB /* SettingsViewModel.swift */; };
		3900FFC327836E59008EF3CB /* SettingsView.swift in Sources */ = {isa = PBXBuildFile; fileRef = 3900FFC227836E59008EF3CB /* SettingsView.swift */; };
		3900FFC527836F5C008EF3CB /* PageViewModel.swift in Sources */ = {isa = PBXBuildFile; fileRef = 3900FFC427836F5C008EF3CB /* PageViewModel.swift */; };
		3900FFC727838B38008EF3CB /* BottomBarView.swift in Sources */ = {isa = PBXBuildFile; fileRef = 3900FFC627838B38008EF3CB /* BottomBarView.swift */; };
		3900FFC927838EC1008EF3CB /* BrowserController.swift in Sources */ = {isa = PBXBuildFile; fileRef = 3900FFC827838EC1008EF3CB /* BrowserController.swift */; };
		3900FFCB27838F65008EF3CB /* ErrorPageView.swift in Sources */ = {isa = PBXBuildFile; fileRef = 3900FFCA27838F65008EF3CB /* ErrorPageView.swift */; };
		3900FFD527840CBF008EF3CB /* RainFall.sks in Resources */ = {isa = PBXBuildFile; fileRef = 3900FFD127840CBF008EF3CB /* RainFall.sks */; };
		3900FFD627840CBF008EF3CB /* RainFallLanding.sks in Resources */ = {isa = PBXBuildFile; fileRef = 3900FFD227840CBF008EF3CB /* RainFallLanding.sks */; };
		395E1F7D278324310091722B /* SwipeBrowserApp.swift in Sources */ = {isa = PBXBuildFile; fileRef = 395E1F7C278324310091722B /* SwipeBrowserApp.swift */; };
		395E1F7F278324310091722B /* ContentView.swift in Sources */ = {isa = PBXBuildFile; fileRef = 395E1F7E278324310091722B /* ContentView.swift */; };
		395E1F81278324320091722B /* Assets.xcassets in Resources */ = {isa = PBXBuildFile; fileRef = 395E1F80278324320091722B /* Assets.xcassets */; };
		395E1F84278324320091722B /* Preview Assets.xcassets in Resources */ = {isa = PBXBuildFile; fileRef = 395E1F83278324320091722B /* Preview Assets.xcassets */; };
		395E1F93278324320091722B /* SwipeBrowserTests.swift in Sources */ = {isa = PBXBuildFile; fileRef = 395E1F92278324320091722B /* SwipeBrowserTests.swift */; };
		395E1F9D278324320091722B /* SwipeBrowserUITests.swift in Sources */ = {isa = PBXBuildFile; fileRef = 395E1F9C278324320091722B /* SwipeBrowserUITests.swift */; };
		395E1F9F278324320091722B /* SwipeBrowserUITestsLaunchTests.swift in Sources */ = {isa = PBXBuildFile; fileRef = 395E1F9E278324320091722B /* SwipeBrowserUITestsLaunchTests.swift */; };
/* End PBXBuildFile section */

/* Begin PBXContainerItemProxy section */
		395E1F8F278324320091722B /* PBXContainerItemProxy */ = {
			isa = PBXContainerItemProxy;
			containerPortal = 395E1F71278324310091722B /* Project object */;
			proxyType = 1;
			remoteGlobalIDString = 395E1F78278324310091722B;
			remoteInfo = SwipeBrowser;
		};
		395E1F99278324320091722B /* PBXContainerItemProxy */ = {
			isa = PBXContainerItemProxy;
			containerPortal = 395E1F71278324310091722B /* Project object */;
			proxyType = 1;
			remoteGlobalIDString = 395E1F78278324310091722B;
			remoteInfo = SwipeBrowser;
		};
/* End PBXContainerItemProxy section */

/* Begin PBXFileReference section */
		3900FFB727836B5B008EF3CB /* NewPageView.swift */ = {isa = PBXFileReference; lastKnownFileType = sourcecode.swift; path = NewPageView.swift; sourceTree = "<group>"; };
		3900FFB927836B74008EF3CB /* PageView.swift */ = {isa = PBXFileReference; lastKnownFileType = sourcecode.swift; path = PageView.swift; sourceTree = "<group>"; };
		3900FFBB27836B83008EF3CB /* PageManagerView.swift */ = {isa = PBXFileReference; lastKnownFileType = sourcecode.swift; path = PageManagerView.swift; sourceTree = "<group>"; };
		3900FFBD27836BA3008EF3CB /* WebContentView.swift */ = {isa = PBXFileReference; lastKnownFileType = sourcecode.swift; path = WebContentView.swift; sourceTree = "<group>"; };
		3900FFC027836E4D008EF3CB /* SettingsViewModel.swift */ = {isa = PBXFileReference; lastKnownFileType = sourcecode.swift; path = SettingsViewModel.swift; sourceTree = "<group>"; };
		3900FFC227836E59008EF3CB /* SettingsView.swift */ = {isa = PBXFileReference; lastKnownFileType = sourcecode.swift; path = SettingsView.swift; sourceTree = "<group>"; };
		3900FFC427836F5C008EF3CB /* PageViewModel.swift */ = {isa = PBXFileReference; lastKnownFileType = sourcecode.swift; path = PageViewModel.swift; sourceTree = "<group>"; };
		3900FFC627838B38008EF3CB /* BottomBarView.swift */ = {isa = PBXFileReference; lastKnownFileType = sourcecode.swift; path = BottomBarView.swift; sourceTree = "<group>"; };
		3900FFC827838EC1008EF3CB /* BrowserController.swift */ = {isa = PBXFileReference; lastKnownFileType = sourcecode.swift; path = BrowserController.swift; sourceTree = "<group>"; };
		3900FFCA27838F65008EF3CB /* ErrorPageView.swift */ = {isa = PBXFileReference; lastKnownFileType = sourcecode.swift; path = ErrorPageView.swift; sourceTree = "<group>"; };
		3900FFD127840CBF008EF3CB /* RainFall.sks */ = {isa = PBXFileReference; lastKnownFileType = file.sks; path = RainFall.sks; sourceTree = "<group>"; };
		3900FFD227840CBF008EF3CB /* RainFallLanding.sks */ = {isa = PBXFileReference; lastKnownFileType = file.sks; path = RainFallLanding.sks; sourceTree = "<group>"; };
		395E1F79278324310091722B /* SwipeBrowser.app */ = {isa = PBXFileReference; explicitFileType = wrapper.application; includeInIndex = 0; path = SwipeBrowser.app; sourceTree = BUILT_PRODUCTS_DIR; };
		395E1F7C278324310091722B /* SwipeBrowserApp.swift */ = {isa = PBXFileReference; lastKnownFileType = sourcecode.swift; path = SwipeBrowserApp.swift; sourceTree = "<group>"; };
		395E1F7E278324310091722B /* ContentView.swift */ = {isa = PBXFileReference; lastKnownFileType = sourcecode.swift; path = ContentView.swift; sourceTree = "<group>"; };
		395E1F80278324320091722B /* Assets.xcassets */ = {isa = PBXFileReference; lastKnownFileType = folder.assetcatalog; path = Assets.xcassets; sourceTree = "<group>"; };
		395E1F83278324320091722B /* Preview Assets.xcassets */ = {isa = PBXFileReference; lastKnownFileType = folder.assetcatalog; path = "Preview Assets.xcassets"; sourceTree = "<group>"; };
		395E1F8E278324320091722B /* SwipeBrowserTests.xctest */ = {isa = PBXFileReference; explicitFileType = wrapper.cfbundle; includeInIndex = 0; path = SwipeBrowserTests.xctest; sourceTree = BUILT_PRODUCTS_DIR; };
		395E1F92278324320091722B /* SwipeBrowserTests.swift */ = {isa = PBXFileReference; lastKnownFileType = sourcecode.swift; path = SwipeBrowserTests.swift; sourceTree = "<group>"; };
		395E1F98278324320091722B /* SwipeBrowserUITests.xctest */ = {isa = PBXFileReference; explicitFileType = wrapper.cfbundle; includeInIndex = 0; path = SwipeBrowserUITests.xctest; sourceTree = BUILT_PRODUCTS_DIR; };
		395E1F9C278324320091722B /* SwipeBrowserUITests.swift */ = {isa = PBXFileReference; lastKnownFileType = sourcecode.swift; path = SwipeBrowserUITests.swift; sourceTree = "<group>"; };
		395E1F9E278324320091722B /* SwipeBrowserUITestsLaunchTests.swift */ = {isa = PBXFileReference; lastKnownFileType = sourcecode.swift; path = SwipeBrowserUITestsLaunchTests.swift; sourceTree = "<group>"; };
/* End PBXFileReference section */

/* Begin PBXFrameworksBuildPhase section */
		395E1F76278324310091722B /* Frameworks */ = {
			isa = PBXFrameworksBuildPhase;
			buildActionMask = 2147483647;
			files = (
			);
			runOnlyForDeploymentPostprocessing = 0;
		};
		395E1F8B278324320091722B /* Frameworks */ = {
			isa = PBXFrameworksBuildPhase;
			buildActionMask = 2147483647;
			files = (
			);
			runOnlyForDeploymentPostprocessing = 0;
		};
		395E1F95278324320091722B /* Frameworks */ = {
			isa = PBXFrameworksBuildPhase;
			buildActionMask = 2147483647;
			files = (
			);
			runOnlyForDeploymentPostprocessing = 0;
		};
/* End PBXFrameworksBuildPhase section */

/* Begin PBXGroup section */
		3900FFB427836AEA008EF3CB /* Views */ = {
			isa = PBXGroup;
			children = (
				395E1F7E278324310091722B /* ContentView.swift */,
				3900FFB727836B5B008EF3CB /* NewPageView.swift */,
				3900FFC227836E59008EF3CB /* SettingsView.swift */,
				3900FFC627838B38008EF3CB /* BottomBarView.swift */,
				3900FFCA27838F65008EF3CB /* ErrorPageView.swift */,
				3900FFB927836B74008EF3CB /* PageView.swift */,
				3900FFBB27836B83008EF3CB /* PageManagerView.swift */,
				3900FFBD27836BA3008EF3CB /* WebContentView.swift */,
			);
			path = Views;
			sourceTree = "<group>";
		};
		3900FFB627836B0F008EF3CB /* Project */ = {
			isa = PBXGroup;
			children = (
				395E1F7C278324310091722B /* SwipeBrowserApp.swift */,
				395E1F80278324320091722B /* Assets.xcassets */,
			);
			name = Project;
			sourceTree = "<group>";
		};
		3900FFBF27836E38008EF3CB /* ViewModels */ = {
			isa = PBXGroup;
			children = (
				3900FFC027836E4D008EF3CB /* SettingsViewModel.swift */,
				3900FFC427836F5C008EF3CB /* PageViewModel.swift */,
				3900FFC827838EC1008EF3CB /* BrowserController.swift */,
			);
			path = ViewModels;
			sourceTree = "<group>";
		};
		3900FFD027840CBF008EF3CB /* SpriteFiles */ = {
			isa = PBXGroup;
			children = (
				3900FFD127840CBF008EF3CB /* RainFall.sks */,
				3900FFD227840CBF008EF3CB /* RainFallLanding.sks */,
			);
			path = SpriteFiles;
			sourceTree = "<group>";
		};
		395E1F70278324310091722B = {
			isa = PBXGroup;
			children = (
				395E1F7B278324310091722B /* SwipeBrowser */,
				395E1F91278324320091722B /* SwipeBrowserTests */,
				395E1F9B278324320091722B /* SwipeBrowserUITests */,
				395E1F7A278324310091722B /* Products */,
			);
			sourceTree = "<group>";
		};
		395E1F7A278324310091722B /* Products */ = {
			isa = PBXGroup;
			children = (
				395E1F79278324310091722B /* SwipeBrowser.app */,
				395E1F8E278324320091722B /* SwipeBrowserTests.xctest */,
				395E1F98278324320091722B /* SwipeBrowserUITests.xctest */,
			);
			name = Products;
			sourceTree = "<group>";
		};
		395E1F7B278324310091722B /* SwipeBrowser */ = {
			isa = PBXGroup;
			children = (
				3900FFD027840CBF008EF3CB /* SpriteFiles */,
				3900FFBF27836E38008EF3CB /* ViewModels */,
				3900FFB627836B0F008EF3CB /* Project */,
				3900FFB427836AEA008EF3CB /* Views */,
				395E1F82278324320091722B /* Preview Content */,
			);
			path = SwipeBrowser;
			sourceTree = "<group>";
		};
		395E1F82278324320091722B /* Preview Content */ = {
			isa = PBXGroup;
			children = (
				395E1F83278324320091722B /* Preview Assets.xcassets */,
			);
			path = "Preview Content";
			sourceTree = "<group>";
		};
		395E1F91278324320091722B /* SwipeBrowserTests */ = {
			isa = PBXGroup;
			children = (
				395E1F92278324320091722B /* SwipeBrowserTests.swift */,
			);
			path = SwipeBrowserTests;
			sourceTree = "<group>";
		};
		395E1F9B278324320091722B /* SwipeBrowserUITests */ = {
			isa = PBXGroup;
			children = (
				395E1F9C278324320091722B /* SwipeBrowserUITests.swift */,
				395E1F9E278324320091722B /* SwipeBrowserUITestsLaunchTests.swift */,
			);
			path = SwipeBrowserUITests;
			sourceTree = "<group>";
		};
/* End PBXGroup section */

/* Begin PBXNativeTarget section */
		395E1F78278324310091722B /* SwipeBrowser */ = {
			isa = PBXNativeTarget;
			buildConfigurationList = 395E1FA2278324330091722B /* Build configuration list for PBXNativeTarget "SwipeBrowser" */;
			buildPhases = (
				395E1F75278324310091722B /* Sources */,
				395E1F76278324310091722B /* Frameworks */,
				395E1F77278324310091722B /* Resources */,
			);
			buildRules = (
			);
			dependencies = (
			);
			name = SwipeBrowser;
			productName = SwipeBrowser;
			productReference = 395E1F79278324310091722B /* SwipeBrowser.app */;
			productType = "com.apple.product-type.application";
		};
		395E1F8D278324320091722B /* SwipeBrowserTests */ = {
			isa = PBXNativeTarget;
			buildConfigurationList = 395E1FA5278324330091722B /* Build configuration list for PBXNativeTarget "SwipeBrowserTests" */;
			buildPhases = (
				395E1F8A278324320091722B /* Sources */,
				395E1F8B278324320091722B /* Frameworks */,
				395E1F8C278324320091722B /* Resources */,
			);
			buildRules = (
			);
			dependencies = (
				395E1F90278324320091722B /* PBXTargetDependency */,
			);
			name = SwipeBrowserTests;
			productName = SwipeBrowserTests;
			productReference = 395E1F8E278324320091722B /* SwipeBrowserTests.xctest */;
			productType = "com.apple.product-type.bundle.unit-test";
		};
		395E1F97278324320091722B /* SwipeBrowserUITests */ = {
			isa = PBXNativeTarget;
			buildConfigurationList = 395E1FA8278324330091722B /* Build configuration list for PBXNativeTarget "SwipeBrowserUITests" */;
			buildPhases = (
				395E1F94278324320091722B /* Sources */,
				395E1F95278324320091722B /* Frameworks */,
				395E1F96278324320091722B /* Resources */,
			);
			buildRules = (
			);
			dependencies = (
				395E1F9A278324320091722B /* PBXTargetDependency */,
			);
			name = SwipeBrowserUITests;
			productName = SwipeBrowserUITests;
			productReference = 395E1F98278324320091722B /* SwipeBrowserUITests.xctest */;
			productType = "com.apple.product-type.bundle.ui-testing";
		};
/* End PBXNativeTarget section */

/* Begin PBXProject section */
		395E1F71278324310091722B /* Project object */ = {
			isa = PBXProject;
			attributes = {
				BuildIndependentTargetsInParallel = 1;
				LastSwiftUpdateCheck = 1320;
				LastUpgradeCheck = 1320;
				TargetAttributes = {
					395E1F78278324310091722B = {
						CreatedOnToolsVersion = 13.2.1;
					};
					395E1F8D278324320091722B = {
						CreatedOnToolsVersion = 13.2.1;
						TestTargetID = 395E1F78278324310091722B;
					};
					395E1F97278324320091722B = {
						CreatedOnToolsVersion = 13.2.1;
						TestTargetID = 395E1F78278324310091722B;
					};
				};
			};
			buildConfigurationList = 395E1F74278324310091722B /* Build configuration list for PBXProject "SwipeBrowser" */;
			compatibilityVersion = "Xcode 13.0";
			developmentRegion = en;
			hasScannedForEncodings = 0;
			knownRegions = (
				en,
				Base,
			);
			mainGroup = 395E1F70278324310091722B;
			productRefGroup = 395E1F7A278324310091722B /* Products */;
			projectDirPath = "";
			projectRoot = "";
			targets = (
				395E1F78278324310091722B /* SwipeBrowser */,
				395E1F8D278324320091722B /* SwipeBrowserTests */,
				395E1F97278324320091722B /* SwipeBrowserUITests */,
			);
		};
/* End PBXProject section */

/* Begin PBXResourcesBuildPhase section */
		395E1F77278324310091722B /* Resources */ = {
			isa = PBXResourcesBuildPhase;
			buildActionMask = 2147483647;
			files = (
				3900FFD527840CBF008EF3CB /* RainFall.sks in Resources */,
				3900FFD627840CBF008EF3CB /* RainFallLanding.sks in Resources */,
				395E1F84278324320091722B /* Preview Assets.xcassets in Resources */,
				395E1F81278324320091722B /* Assets.xcassets in Resources */,
			);
			runOnlyForDeploymentPostprocessing = 0;
		};
		395E1F8C278324320091722B /* Resources */ = {
			isa = PBXResourcesBuildPhase;
			buildActionMask = 2147483647;
			files = (
			);
			runOnlyForDeploymentPostprocessing = 0;
		};
		395E1F96278324320091722B /* Resources */ = {
			isa = PBXResourcesBuildPhase;
			buildActionMask = 2147483647;
			files = (
			);
			runOnlyForDeploymentPostprocessing = 0;
		};
/* End PBXResourcesBuildPhase section */

/* Begin PBXSourcesBuildPhase section */
		395E1F75278324310091722B /* Sources */ = {
			isa = PBXSourcesBuildPhase;
			buildActionMask = 2147483647;
			files = (
				3900FFC527836F5C008EF3CB /* PageViewModel.swift in Sources */,
				3900FFBA27836B74008EF3CB /* PageView.swift in Sources */,
				3900FFC727838B38008EF3CB /* BottomBarView.swift in Sources */,
				3900FFCB27838F65008EF3CB /* ErrorPageView.swift in Sources */,
				3900FFC927838EC1008EF3CB /* BrowserController.swift in Sources */,
				3900FFBE27836BA3008EF3CB /* WebContentView.swift in Sources */,
				395E1F7F278324310091722B /* ContentView.swift in Sources */,
				3900FFC327836E59008EF3CB /* SettingsView.swift in Sources */,
				3900FFB827836B5B008EF3CB /* NewPageView.swift in Sources */,
				395E1F7D278324310091722B /* SwipeBrowserApp.swift in Sources */,
				3900FFBC27836B83008EF3CB /* PageManagerView.swift in Sources */,
				3900FFC127836E4D008EF3CB /* SettingsViewModel.swift in Sources */,
			);
			runOnlyForDeploymentPostprocessing = 0;
		};
		395E1F8A278324320091722B /* Sources */ = {
			isa = PBXSourcesBuildPhase;
			buildActionMask = 2147483647;
			files = (
				395E1F93278324320091722B /* SwipeBrowserTests.swift in Sources */,
			);
			runOnlyForDeploymentPostprocessing = 0;
		};
		395E1F94278324320091722B /* Sources */ = {
			isa = PBXSourcesBuildPhase;
			buildActionMask = 2147483647;
			files = (
				395E1F9F278324320091722B /* SwipeBrowserUITestsLaunchTests.swift in Sources */,
				395E1F9D278324320091722B /* SwipeBrowserUITests.swift in Sources */,
			);
			runOnlyForDeploymentPostprocessing = 0;
		};
/* End PBXSourcesBuildPhase section */

/* Begin PBXTargetDependency section */
		395E1F90278324320091722B /* PBXTargetDependency */ = {
			isa = PBXTargetDependency;
			target = 395E1F78278324310091722B /* SwipeBrowser */;
			targetProxy = 395E1F8F278324320091722B /* PBXContainerItemProxy */;
		};
		395E1F9A278324320091722B /* PBXTargetDependency */ = {
			isa = PBXTargetDependency;
			target = 395E1F78278324310091722B /* SwipeBrowser */;
			targetProxy = 395E1F99278324320091722B /* PBXContainerItemProxy */;
		};
/* End PBXTargetDependency section */

/* Begin XCBuildConfiguration section */
		395E1FA0278324330091722B /* Debug */ = {
			isa = XCBuildConfiguration;
			buildSettings = {
				ALWAYS_SEARCH_USER_PATHS = NO;
				CLANG_ANALYZER_NONNULL = YES;
				CLANG_ANALYZER_NUMBER_OBJECT_CONVERSION = YES_AGGRESSIVE;
				CLANG_CXX_LANGUAGE_STANDARD = "gnu++17";
				CLANG_CXX_LIBRARY = "libc++";
				CLANG_ENABLE_MODULES = YES;
				CLANG_ENABLE_OBJC_ARC = YES;
				CLANG_ENABLE_OBJC_WEAK = YES;
				CLANG_WARN_BLOCK_CAPTURE_AUTORELEASING = YES;
				CLANG_WARN_BOOL_CONVERSION = YES;
				CLANG_WARN_COMMA = YES;
				CLANG_WARN_CONSTANT_CONVERSION = YES;
				CLANG_WARN_DEPRECATED_OBJC_IMPLEMENTATIONS = YES;
				CLANG_WARN_DIRECT_OBJC_ISA_USAGE = YES_ERROR;
				CLANG_WARN_DOCUMENTATION_COMMENTS = YES;
				CLANG_WARN_EMPTY_BODY = YES;
				CLANG_WARN_ENUM_CONVERSION = YES;
				CLANG_WARN_INFINITE_RECURSION = YES;
				CLANG_WARN_INT_CONVERSION = YES;
				CLANG_WARN_NON_LITERAL_NULL_CONVERSION = YES;
				CLANG_WARN_OBJC_IMPLICIT_RETAIN_SELF = YES;
				CLANG_WARN_OBJC_LITERAL_CONVERSION = YES;
				CLANG_WARN_OBJC_ROOT_CLASS = YES_ERROR;
				CLANG_WARN_QUOTED_INCLUDE_IN_FRAMEWORK_HEADER = YES;
				CLANG_WARN_RANGE_LOOP_ANALYSIS = YES;
				CLANG_WARN_STRICT_PROTOTYPES = YES;
				CLANG_WARN_SUSPICIOUS_MOVE = YES;
				CLANG_WARN_UNGUARDED_AVAILABILITY = YES_AGGRESSIVE;
				CLANG_WARN_UNREACHABLE_CODE = YES;
				CLANG_WARN__DUPLICATE_METHOD_MATCH = YES;
				COPY_PHASE_STRIP = NO;
				DEBUG_INFORMATION_FORMAT = dwarf;
				ENABLE_STRICT_OBJC_MSGSEND = YES;
				ENABLE_TESTABILITY = YES;
				GCC_C_LANGUAGE_STANDARD = gnu11;
				GCC_DYNAMIC_NO_PIC = NO;
				GCC_NO_COMMON_BLOCKS = YES;
				GCC_OPTIMIZATION_LEVEL = 0;
				GCC_PREPROCESSOR_DEFINITIONS = (
					"DEBUG=1",
					"$(inherited)",
				);
				GCC_WARN_64_TO_32_BIT_CONVERSION = YES;
				GCC_WARN_ABOUT_RETURN_TYPE = YES_ERROR;
				GCC_WARN_UNDECLARED_SELECTOR = YES;
				GCC_WARN_UNINITIALIZED_AUTOS = YES_AGGRESSIVE;
				GCC_WARN_UNUSED_FUNCTION = YES;
				GCC_WARN_UNUSED_VARIABLE = YES;
				IPHONEOS_DEPLOYMENT_TARGET = 15.0;
				MTL_ENABLE_DEBUG_INFO = INCLUDE_SOURCE;
				MTL_FAST_MATH = YES;
				ONLY_ACTIVE_ARCH = YES;
				OTHER_SWIFT_FLAGS = "-Xfrontend -warn-long-expression-type-checking=200 -Xfrontend -warn-long-function-bodies=200";
				SDKROOT = iphoneos;
				SWIFT_ACTIVE_COMPILATION_CONDITIONS = DEBUG;
				SWIFT_OPTIMIZATION_LEVEL = "-Onone";
			};
			name = Debug;
		};
		395E1FA1278324330091722B /* Release */ = {
			isa = XCBuildConfiguration;
			buildSettings = {
				ALWAYS_SEARCH_USER_PATHS = NO;
				CLANG_ANALYZER_NONNULL = YES;
				CLANG_ANALYZER_NUMBER_OBJECT_CONVERSION = YES_AGGRESSIVE;
				CLANG_CXX_LANGUAGE_STANDARD = "gnu++17";
				CLANG_CXX_LIBRARY = "libc++";
				CLANG_ENABLE_MODULES = YES;
				CLANG_ENABLE_OBJC_ARC = YES;
				CLANG_ENABLE_OBJC_WEAK = YES;
				CLANG_WARN_BLOCK_CAPTURE_AUTORELEASING = YES;
				CLANG_WARN_BOOL_CONVERSION = YES;
				CLANG_WARN_COMMA = YES;
				CLANG_WARN_CONSTANT_CONVERSION = YES;
				CLANG_WARN_DEPRECATED_OBJC_IMPLEMENTATIONS = YES;
				CLANG_WARN_DIRECT_OBJC_ISA_USAGE = YES_ERROR;
				CLANG_WARN_DOCUMENTATION_COMMENTS = YES;
				CLANG_WARN_EMPTY_BODY = YES;
				CLANG_WARN_ENUM_CONVERSION = YES;
				CLANG_WARN_INFINITE_RECURSION = YES;
				CLANG_WARN_INT_CONVERSION = YES;
				CLANG_WARN_NON_LITERAL_NULL_CONVERSION = YES;
				CLANG_WARN_OBJC_IMPLICIT_RETAIN_SELF = YES;
				CLANG_WARN_OBJC_LITERAL_CONVERSION = YES;
				CLANG_WARN_OBJC_ROOT_CLASS = YES_ERROR;
				CLANG_WARN_QUOTED_INCLUDE_IN_FRAMEWORK_HEADER = YES;
				CLANG_WARN_RANGE_LOOP_ANALYSIS = YES;
				CLANG_WARN_STRICT_PROTOTYPES = YES;
				CLANG_WARN_SUSPICIOUS_MOVE = YES;
				CLANG_WARN_UNGUARDED_AVAILABILITY = YES_AGGRESSIVE;
				CLANG_WARN_UNREACHABLE_CODE = YES;
				CLANG_WARN__DUPLICATE_METHOD_MATCH = YES;
				COPY_PHASE_STRIP = NO;
				DEBUG_INFORMATION_FORMAT = "dwarf-with-dsym";
				ENABLE_NS_ASSERTIONS = NO;
				ENABLE_STRICT_OBJC_MSGSEND = YES;
				GCC_C_LANGUAGE_STANDARD = gnu11;
				GCC_NO_COMMON_BLOCKS = YES;
				GCC_WARN_64_TO_32_BIT_CONVERSION = YES;
				GCC_WARN_ABOUT_RETURN_TYPE = YES_ERROR;
				GCC_WARN_UNDECLARED_SELECTOR = YES;
				GCC_WARN_UNINITIALIZED_AUTOS = YES_AGGRESSIVE;
				GCC_WARN_UNUSED_FUNCTION = YES;
				GCC_WARN_UNUSED_VARIABLE = YES;
				IPHONEOS_DEPLOYMENT_TARGET = 15.0;
				MTL_ENABLE_DEBUG_INFO = NO;
				MTL_FAST_MATH = YES;
				OTHER_SWIFT_FLAGS = "-Xfrontend -warn-long-expression-type-checking=200 -Xfrontend -warn-long-function-bodies=200";
				SDKROOT = iphoneos;
				SWIFT_COMPILATION_MODE = wholemodule;
				SWIFT_OPTIMIZATION_LEVEL = "-O";
				VALIDATE_PRODUCT = YES;
			};
			name = Release;
		};
		395E1FA3278324330091722B /* Debug */ = {
			isa = XCBuildConfiguration;
			buildSettings = {
				ASSETCATALOG_COMPILER_APPICON_NAME = AppIcon;
				ASSETCATALOG_COMPILER_GLOBAL_ACCENT_COLOR_NAME = AccentColor;
				CODE_SIGN_STYLE = Automatic;
				CURRENT_PROJECT_VERSION = 1;
				DEVELOPMENT_ASSET_PATHS = "\"SwipeBrowser/Preview Content\"";
				DEVELOPMENT_TEAM = 282LL3H7A6;
				ENABLE_PREVIEWS = YES;
				GENERATE_INFOPLIST_FILE = YES;
				INFOPLIST_KEY_UIApplicationSceneManifest_Generation = YES;
				INFOPLIST_KEY_UIApplicationSupportsIndirectInputEvents = YES;
				INFOPLIST_KEY_UILaunchScreen_Generation = YES;
				INFOPLIST_KEY_UISupportedInterfaceOrientations_iPad = "UIInterfaceOrientationPortrait UIInterfaceOrientationPortraitUpsideDown UIInterfaceOrientationLandscapeLeft UIInterfaceOrientationLandscapeRight";
				INFOPLIST_KEY_UISupportedInterfaceOrientations_iPhone = "UIInterfaceOrientationPortrait UIInterfaceOrientationLandscapeLeft UIInterfaceOrientationLandscapeRight";
				IPHONEOS_DEPLOYMENT_TARGET = 15.0;
				LD_RUNPATH_SEARCH_PATHS = (
					"$(inherited)",
					"@executable_path/Frameworks",
				);
				MARKETING_VERSION = 1.0;
				PRODUCT_BUNDLE_IDENTIFIER = com.theGalkin.SwipeBrowser;
				PRODUCT_NAME = "$(TARGET_NAME)";
				SWIFT_EMIT_LOC_STRINGS = YES;
				SWIFT_VERSION = 5.0;
				TARGETED_DEVICE_FAMILY = "1,2";
			};
			name = Debug;
		};
		395E1FA4278324330091722B /* Release */ = {
			isa = XCBuildConfiguration;
			buildSettings = {
				ASSETCATALOG_COMPILER_APPICON_NAME = AppIcon;
				ASSETCATALOG_COMPILER_GLOBAL_ACCENT_COLOR_NAME = AccentColor;
				CODE_SIGN_STYLE = Automatic;
				CURRENT_PROJECT_VERSION = 1;
				DEVELOPMENT_ASSET_PATHS = "\"SwipeBrowser/Preview Content\"";
				DEVELOPMENT_TEAM = 282LL3H7A6;
				ENABLE_PREVIEWS = YES;
				GENERATE_INFOPLIST_FILE = YES;
				INFOPLIST_KEY_UIApplicationSceneManifest_Generation = YES;
				INFOPLIST_KEY_UIApplicationSupportsIndirectInputEvents = YES;
				INFOPLIST_KEY_UILaunchScreen_Generation = YES;
				INFOPLIST_KEY_UISupportedInterfaceOrientations_iPad = "UIInterfaceOrientationPortrait UIInterfaceOrientationPortraitUpsideDown UIInterfaceOrientationLandscapeLeft UIInterfaceOrientationLandscapeRight";
				INFOPLIST_KEY_UISupportedInterfaceOrientations_iPhone = "UIInterfaceOrientationPortrait UIInterfaceOrientationLandscapeLeft UIInterfaceOrientationLandscapeRight";
				IPHONEOS_DEPLOYMENT_TARGET = 15.0;
				LD_RUNPATH_SEARCH_PATHS = (
					"$(inherited)",
					"@executable_path/Frameworks",
				);
				MARKETING_VERSION = 1.0;
				PRODUCT_BUNDLE_IDENTIFIER = com.theGalkin.SwipeBrowser;
				PRODUCT_NAME = "$(TARGET_NAME)";
				SWIFT_EMIT_LOC_STRINGS = YES;
				SWIFT_VERSION = 5.0;
				TARGETED_DEVICE_FAMILY = "1,2";
			};
			name = Release;
		};
		395E1FA6278324330091722B /* Debug */ = {
			isa = XCBuildConfiguration;
			buildSettings = {
				ALWAYS_EMBED_SWIFT_STANDARD_LIBRARIES = YES;
				BUNDLE_LOADER = "$(TEST_HOST)";
				CODE_SIGN_STYLE = Automatic;
				CURRENT_PROJECT_VERSION = 1;
				DEVELOPMENT_TEAM = 282LL3H7A6;
				GENERATE_INFOPLIST_FILE = YES;
				IPHONEOS_DEPLOYMENT_TARGET = 15.2;
				MARKETING_VERSION = 1.0;
				PRODUCT_BUNDLE_IDENTIFIER = com.theGalkin.SwipeBrowserTests;
				PRODUCT_NAME = "$(TARGET_NAME)";
				SWIFT_EMIT_LOC_STRINGS = NO;
				SWIFT_VERSION = 5.0;
				TARGETED_DEVICE_FAMILY = "1,2";
				TEST_HOST = "$(BUILT_PRODUCTS_DIR)/SwipeBrowser.app/SwipeBrowser";
			};
			name = Debug;
		};
		395E1FA7278324330091722B /* Release */ = {
			isa = XCBuildConfiguration;
			buildSettings = {
				ALWAYS_EMBED_SWIFT_STANDARD_LIBRARIES = YES;
				BUNDLE_LOADER = "$(TEST_HOST)";
				CODE_SIGN_STYLE = Automatic;
				CURRENT_PROJECT_VERSION = 1;
				DEVELOPMENT_TEAM = 282LL3H7A6;
				GENERATE_INFOPLIST_FILE = YES;
				IPHONEOS_DEPLOYMENT_TARGET = 15.2;
				MARKETING_VERSION = 1.0;
				PRODUCT_BUNDLE_IDENTIFIER = com.theGalkin.SwipeBrowserTests;
				PRODUCT_NAME = "$(TARGET_NAME)";
				SWIFT_EMIT_LOC_STRINGS = NO;
				SWIFT_VERSION = 5.0;
				TARGETED_DEVICE_FAMILY = "1,2";
				TEST_HOST = "$(BUILT_PRODUCTS_DIR)/SwipeBrowser.app/SwipeBrowser";
			};
			name = Release;
		};
		395E1FA9278324330091722B /* Debug */ = {
			isa = XCBuildConfiguration;
			buildSettings = {
				ALWAYS_EMBED_SWIFT_STANDARD_LIBRARIES = YES;
				CODE_SIGN_STYLE = Automatic;
				CURRENT_PROJECT_VERSION = 1;
				DEVELOPMENT_TEAM = 282LL3H7A6;
				GENERATE_INFOPLIST_FILE = YES;
				MARKETING_VERSION = 1.0;
				PRODUCT_BUNDLE_IDENTIFIER = com.theGalkin.SwipeBrowserUITests;
				PRODUCT_NAME = "$(TARGET_NAME)";
				SWIFT_EMIT_LOC_STRINGS = NO;
				SWIFT_VERSION = 5.0;
				TARGETED_DEVICE_FAMILY = "1,2";
				TEST_TARGET_NAME = SwipeBrowser;
			};
			name = Debug;
		};
		395E1FAA278324330091722B /* Release */ = {
			isa = XCBuildConfiguration;
			buildSettings = {
				ALWAYS_EMBED_SWIFT_STANDARD_LIBRARIES = YES;
				CODE_SIGN_STYLE = Automatic;
				CURRENT_PROJECT_VERSION = 1;
				DEVELOPMENT_TEAM = 282LL3H7A6;
				GENERATE_INFOPLIST_FILE = YES;
				MARKETING_VERSION = 1.0;
				PRODUCT_BUNDLE_IDENTIFIER = com.theGalkin.SwipeBrowserUITests;
				PRODUCT_NAME = "$(TARGET_NAME)";
				SWIFT_EMIT_LOC_STRINGS = NO;
				SWIFT_VERSION = 5.0;
				TARGETED_DEVICE_FAMILY = "1,2";
				TEST_TARGET_NAME = SwipeBrowser;
			};
			name = Release;
		};
/* End XCBuildConfiguration section */

/* Begin XCConfigurationList section */
		395E1F74278324310091722B /* Build configuration list for PBXProject "SwipeBrowser" */ = {
			isa = XCConfigurationList;
			buildConfigurations = (
				395E1FA0278324330091722B /* Debug */,
				395E1FA1278324330091722B /* Release */,
			);
			defaultConfigurationIsVisible = 0;
			defaultConfigurationName = Release;
		};
		395E1FA2278324330091722B /* Build configuration list for PBXNativeTarget "SwipeBrowser" */ = {
			isa = XCConfigurationList;
			buildConfigurations = (
				395E1FA3278324330091722B /* Debug */,
				395E1FA4278324330091722B /* Release */,
			);
			defaultConfigurationIsVisible = 0;
			defaultConfigurationName = Release;
		};
		395E1FA5278324330091722B /* Build configuration list for PBXNativeTarget "SwipeBrowserTests" */ = {
			isa = XCConfigurationList;
			buildConfigurations = (
				395E1FA6278324330091722B /* Debug */,
				395E1FA7278324330091722B /* Release */,
			);
			defaultConfigurationIsVisible = 0;
			defaultConfigurationName = Release;
		};
		395E1FA8278324330091722B /* Build configuration list for PBXNativeTarget "SwipeBrowserUITests" */ = {
			isa = XCConfigurationList;
			buildConfigurations = (
				395E1FA9278324330091722B /* Debug */,
				395E1FAA278324330091722B /* Release */,
			);
			defaultConfigurationIsVisible = 0;
			defaultConfigurationName = Release;
		};
/* End XCConfigurationList section */
	};
	rootObject = 395E1F71278324310091722B /* Project object */;
}
